
Microsoft Visual Studio Solution File, Format Version 12.00
# Visual Studio Version 17
VisualStudioVersion = 17.2.32526.322
MinimumVisualStudioVersion = 10.0.40219.1
Project("{9A19103F-16F7-4668-BE54-9A1E7A4F7556}") = "Loops", "Loops\Loops.csproj", "{93AA5F59-4958-4781-B638-8C4833D95ECE}"
EndProject
Project("{9A19103F-16F7-4668-BE54-9A1E7A4F7556}") = "ClassIntro", "ClassIntro\ClassIntro.csproj", "{8C74DD7D-91BD-4725-8AE9-823ADF72543B}"
EndProject
Project("{9A19103F-16F7-4668-BE54-9A1E7A4F7556}") = "Methods", "Methods\Methods.csproj", "{F997C4CA-5415-43F2-B383-49611C4A677A}"
EndProject
Project("{9A19103F-16F7-4668-BE54-9A1E7A4F7556}") = "ValueAndReferenceTypes", "ValueAndReferenceTypes\ValueAndReferenceTypes.csproj", "{A5E35DB0-359F-4C55-A972-FE29EC876252}"
EndProject
Project("{9A19103F-16F7-4668-BE54-9A1E7A4F7556}") = "OOP1", "OOP1\OOP1.csproj", "{59D502A1-8E1B-4248-9D10-57480C9F0F8B}"
EndProject
Project("{9A19103F-16F7-4668-BE54-9A1E7A4F7556}") = "Collections", "Collections\Collections.csproj", "{A3B266D7-C301-4295-A718-37D38F80471C}"
EndProject
Project("{9A19103F-16F7-4668-BE54-9A1E7A4F7556}") = "GenericsIntro", "GenericsIntro\GenericsIntro.csproj", "{8996E7B2-2EC9-4A33-9300-00B445D3292D}"
EndProject
Project("{9A19103F-16F7-4668-BE54-9A1E7A4F7556}") = "MyDictionary", "MyDictionary\MyDictionary.csproj", "{D2066B93-10E5-4B5E-855E-36254132D184}"
EndProject
Project("{FAE04EC0-301F-11D3-BF4B-00C04F79EFBC}") = "OOP2", "OOP2\OOP2.csproj", "{BEFB3E11-88CD-4C3D-85EC-A3416B7A624C}"
EndProject
Project("{FAE04EC0-301F-11D3-BF4B-00C04F79EFBC}") = "OOP3", "OOP3\OOP3.csproj", "{A9EE5DC4-A1D4-48C5-BCCD-2FFE6BE6B2C6}"
EndProject
Global
	GlobalSection(SolutionConfigurationPlatforms) = preSolution
		Debug|Any CPU = Debug|Any CPU
		Release|Any CPU = Release|Any CPU
	EndGlobalSection
	GlobalSection(ProjectConfigurationPlatforms) = postSolution
		{93AA5F59-4958-4781-B638-8C4833D95ECE}.Debug|Any CPU.ActiveCfg = Debug|Any CPU
		{93AA5F59-4958-4781-B638-8C4833D95ECE}.Debug|Any CPU.Build.0 = Debug|Any CPU
		{93AA5F59-4958-4781-B638-8C4833D95ECE}.Release|Any CPU.ActiveCfg = Release|Any CPU
		{93AA5F59-4958-4781-B638-8C4833D95ECE}.Release|Any CPU.Build.0 = Release|Any CPU
		{8C74DD7D-91BD-4725-8AE9-823ADF72543B}.Debug|Any CPU.ActiveCfg = Debug|Any CPU
		{8C74DD7D-91BD-4725-8AE9-823ADF72543B}.Debug|Any CPU.Build.0 = Debug|Any CPU
		{8C74DD7D-91BD-4725-8AE9-823ADF72543B}.Release|Any CPU.ActiveCfg = Release|Any CPU
		{8C74DD7D-91BD-4725-8AE9-823ADF72543B}.Release|Any CPU.Build.0 = Release|Any CPU
		{F997C4CA-5415-43F2-B383-49611C4A677A}.Debug|Any CPU.ActiveCfg = Debug|Any CPU
		{F997C4CA-5415-43F2-B383-49611C4A677A}.Debug|Any CPU.Build.0 = Debug|Any CPU
		{F997C4CA-5415-43F2-B383-49611C4A677A}.Release|Any CPU.ActiveCfg = Release|Any CPU
		{F997C4CA-5415-43F2-B383-49611C4A677A}.Release|Any CPU.Build.0 = Release|Any CPU
		{A5E35DB0-359F-4C55-A972-FE29EC876252}.Debug|Any CPU.ActiveCfg = Debug|Any CPU
		{A5E35DB0-359F-4C55-A972-FE29EC876252}.Debug|Any CPU.Build.0 = Debug|Any CPU
		{A5E35DB0-359F-4C55-A972-FE29EC876252}.Release|Any CPU.ActiveCfg = Release|Any CPU
		{A5E35DB0-359F-4C55-A972-FE29EC876252}.Release|Any CPU.Build.0 = Release|Any CPU
		{59D502A1-8E1B-4248-9D10-57480C9F0F8B}.Debug|Any CPU.ActiveCfg = Debug|Any CPU
		{59D502A1-8E1B-4248-9D10-57480C9F0F8B}.Debug|Any CPU.Build.0 = Debug|Any CPU
		{59D502A1-8E1B-4248-9D10-57480C9F0F8B}.Release|Any CPU.ActiveCfg = Release|Any CPU
		{59D502A1-8E1B-4248-9D10-57480C9F0F8B}.Release|Any CPU.Build.0 = Release|Any CPU
		{A3B266D7-C301-4295-A718-37D38F80471C}.Debug|Any CPU.ActiveCfg = Debug|Any CPU
		{A3B266D7-C301-4295-A718-37D38F80471C}.Debug|Any CPU.Build.0 = Debug|Any CPU
		{A3B266D7-C301-4295-A718-37D38F80471C}.Release|Any CPU.ActiveCfg = Release|Any CPU
		{A3B266D7-C301-4295-A718-37D38F80471C}.Release|Any CPU.Build.0 = Release|Any CPU
		{8996E7B2-2EC9-4A33-9300-00B445D3292D}.Debug|Any CPU.ActiveCfg = Debug|Any CPU
		{8996E7B2-2EC9-4A33-9300-00B445D3292D}.Debug|Any CPU.Build.0 = Debug|Any CPU
		{8996E7B2-2EC9-4A33-9300-00B445D3292D}.Release|Any CPU.ActiveCfg = Release|Any CPU
		{8996E7B2-2EC9-4A33-9300-00B445D3292D}.Release|Any CPU.Build.0 = Release|Any CPU
		{D2066B93-10E5-4B5E-855E-36254132D184}.Debug|Any CPU.ActiveCfg = Debug|Any CPU
		{D2066B93-10E5-4B5E-855E-36254132D184}.Debug|Any CPU.Build.0 = Debug|Any CPU
		{D2066B93-10E5-4B5E-855E-36254132D184}.Release|Any CPU.ActiveCfg = Release|Any CPU
		{D2066B93-10E5-4B5E-855E-36254132D184}.Release|Any CPU.Build.0 = Release|Any CPU
		{BEFB3E11-88CD-4C3D-85EC-A3416B7A624C}.Debug|Any CPU.ActiveCfg = Debug|Any CPU
		{BEFB3E11-88CD-4C3D-85EC-A3416B7A624C}.Debug|Any CPU.Build.0 = Debug|Any CPU
		{BEFB3E11-88CD-4C3D-85EC-A3416B7A624C}.Release|Any CPU.ActiveCfg = Release|Any CPU
		{BEFB3E11-88CD-4C3D-85EC-A3416B7A624C}.Release|Any CPU.Build.0 = Release|Any CPU
		{A9EE5DC4-A1D4-48C5-BCCD-2FFE6BE6B2C6}.Debug|Any CPU.ActiveCfg = Debug|Any CPU
		{A9EE5DC4-A1D4-48C5-BCCD-2FFE6BE6B2C6}.Debug|Any CPU.Build.0 = Debug|Any CPU
		{A9EE5DC4-A1D4-48C5-BCCD-2FFE6BE6B2C6}.Release|Any CPU.ActiveCfg = Release|Any CPU
		{A9EE5DC4-A1D4-48C5-BCCD-2FFE6BE6B2C6}.Release|Any CPU.Build.0 = Release|Any CPU
	EndGlobalSection
	GlobalSection(SolutionProperties) = preSolution
		HideSolutionNode = FALSE
	EndGlobalSection
	GlobalSection(ExtensibilityGlobals) = postSolution
		SolutionGuid = {BCBDCCE8-B92A-4ACE-8ABC-8D1B9141D317}
	EndGlobalSection
EndGlobal
